
Microsoft Visual Studio Solution File, Format Version 12.00
# Visual Studio Version 17
VisualStudioVersion = 17.14.36623.8
MinimumVisualStudioVersion = 10.0.40219.1
Project("{FAE04EC0-301F-11D3-BF4B-00C04F79EFBC}") = "WebLoginDemo2", "WebLoginDemo2\WebLoginDemo2.csproj", "{47F3226A-AF94-48E3-82FF-9A7F0C0D4CED}"
EndProject
Global
	GlobalSection(SolutionConfigurationPlatforms) = preSolution
		Debug|Any CPU = Debug|Any CPU
		Release|Any CPU = Release|Any CPU
	EndGlobalSection
	GlobalSection(ProjectConfigurationPlatforms) = postSolution
		{47F3226A-AF94-48E3-82FF-9A7F0C0D4CED}.Debug|Any CPU.ActiveCfg = Debug|Any CPU
		{47F3226A-AF94-48E3-82FF-9A7F0C0D4CED}.Debug|Any CPU.Build.0 = Debug|Any CPU
		{47F3226A-AF94-48E3-82FF-9A7F0C0D4CED}.Release|Any CPU.ActiveCfg = Release|Any CPU
		{47F3226A-AF94-48E3-82FF-9A7F0C0D4CED}.Release|Any CPU.Build.0 = Release|Any CPU
	EndGlobalSection
	GlobalSection(SolutionProperties) = preSolution
		HideSolutionNode = FALSE
	EndGlobalSection
	GlobalSection(ExtensibilityGlobals) = postSolution
		SolutionGuid = {F88DEB54-B72C-41DD-AF75-1D16B2B216DC}
	EndGlobalSection
EndGlobal
